
Microsoft Visual Studio Solution File, Format Version 12.00
# Visual Studio Version 17
VisualStudioVersion = 17.5.2.0
MinimumVisualStudioVersion = 10.0.40219.1
Project("{FAE04EC0-301F-11D3-BF4B-00C04F79EFBC}") = "RBacServer", "RBacServer\RBacServer.csproj", "{825BD8CE-1F67-F12E-7DFD-F5BDAB070F9D}"
EndProject
Project("{FAE04EC0-301F-11D3-BF4B-00C04F79EFBC}") = "RBacServer.Tests", "RBacServer.Tests\RBacServer.Tests.csproj", "{B0D669E8-2AA8-4526-AD05-6C2BF6250579}"
EndProject
Global
	GlobalSection(SolutionConfigurationPlatforms) = preSolution
		Debug|Any CPU = Debug|Any CPU
		Debug|x64 = Debug|x64
		Debug|x86 = Debug|x86
		Release|Any CPU = Release|Any CPU
		Release|x64 = Release|x64
		Release|x86 = Release|x86
	EndGlobalSection
	GlobalSection(ProjectConfigurationPlatforms) = postSolution
		{825BD8CE-1F67-F12E-7DFD-F5BDAB070F9D}.Debug|Any CPU.ActiveCfg = Debug|Any CPU
		{825BD8CE-1F67-F12E-7DFD-F5BDAB070F9D}.Debug|Any CPU.Build.0 = Debug|Any CPU
		{825BD8CE-1F67-F12E-7DFD-F5BDAB070F9D}.Debug|x64.ActiveCfg = Debug|Any CPU
		{825BD8CE-1F67-F12E-7DFD-F5BDAB070F9D}.Debug|x64.Build.0 = Debug|Any CPU
		{825BD8CE-1F67-F12E-7DFD-F5BDAB070F9D}.Debug|x86.ActiveCfg = Debug|Any CPU
		{825BD8CE-1F67-F12E-7DFD-F5BDAB070F9D}.Debug|x86.Build.0 = Debug|Any CPU
		{825BD8CE-1F67-F12E-7DFD-F5BDAB070F9D}.Release|Any CPU.ActiveCfg = Release|Any CPU
		{825BD8CE-1F67-F12E-7DFD-F5BDAB070F9D}.Release|Any CPU.Build.0 = Release|Any CPU
		{825BD8CE-1F67-F12E-7DFD-F5BDAB070F9D}.Release|x64.ActiveCfg = Release|Any CPU
		{825BD8CE-1F67-F12E-7DFD-F5BDAB070F9D}.Release|x64.Build.0 = Release|Any CPU
		{825BD8CE-1F67-F12E-7DFD-F5BDAB070F9D}.Release|x86.ActiveCfg = Release|Any CPU
		{825BD8CE-1F67-F12E-7DFD-F5BDAB070F9D}.Release|x86.Build.0 = Release|Any CPU
		{B0D669E8-2AA8-4526-AD05-6C2BF6250579}.Debug|Any CPU.ActiveCfg = Debug|Any CPU
		{B0D669E8-2AA8-4526-AD05-6C2BF6250579}.Debug|Any CPU.Build.0 = Debug|Any CPU
		{B0D669E8-2AA8-4526-AD05-6C2BF6250579}.Debug|x64.ActiveCfg = Debug|Any CPU
		{B0D669E8-2AA8-4526-AD05-6C2BF6250579}.Debug|x64.Build.0 = Debug|Any CPU
		{B0D669E8-2AA8-4526-AD05-6C2BF6250579}.Debug|x86.ActiveCfg = Debug|Any CPU
		{B0D669E8-2AA8-4526-AD05-6C2BF6250579}.Debug|x86.Build.0 = Debug|Any CPU
		{B0D669E8-2AA8-4526-AD05-6C2BF6250579}.Release|Any CPU.ActiveCfg = Release|Any CPU
		{B0D669E8-2AA8-4526-AD05-6C2BF6250579}.Release|Any CPU.Build.0 = Release|Any CPU
		{B0D669E8-2AA8-4526-AD05-6C2BF6250579}.Release|x64.ActiveCfg = Release|Any CPU
		{B0D669E8-2AA8-4526-AD05-6C2BF6250579}.Release|x64.Build.0 = Release|Any CPU
		{B0D669E8-2AA8-4526-AD05-6C2BF6250579}.Release|x86.ActiveCfg = Release|Any CPU
		{B0D669E8-2AA8-4526-AD05-6C2BF6250579}.Release|x86.Build.0 = Release|Any CPU
	EndGlobalSection
	GlobalSection(SolutionProperties) = preSolution
		HideSolutionNode = FALSE
	EndGlobalSection
	GlobalSection(ExtensibilityGlobals) = postSolution
		SolutionGuid = {B7B43323-2C93-4A2B-9233-9B389CFB95DB}
	EndGlobalSection
EndGlobal
